
Microsoft Visual Studio Solution File, Format Version 12.00
# Visual Studio Version 16
VisualStudioVersion = 16.0.31321.278
MinimumVisualStudioVersion = 10.0.40219.1
Project("{FAE04EC0-301F-11D3-BF4B-00C04F79EFBC}") = "inventory.Api.Api.Web", "inventory.Api.Api.Web\inventory.Api.Api.Web.csproj", "{F54DE788-4504-4708-BD60-5EF18278BE78}"
EndProject
Project("{FAE04EC0-301F-11D3-BF4B-00C04F79EFBC}") = "inventory.Api.Api.Domain", "inventory.Api.Api.Domain\inventory.Api.Api.Domain.csproj", "{EF4E5197-7E5A-4D34-8921-D84A0BE1A64C}"
EndProject
Project("{FAE04EC0-301F-11D3-BF4B-00C04F79EFBC}") = "inventory.API.API.Data", "inventory.API.API.Data\inventory.API.API.Data.csproj", "{D38A949A-52D8-4E9D-A6F9-991B11B2D568}"
EndProject
Project("{FAE04EC0-301F-11D3-BF4B-00C04F79EFBC}") = "inventory.Api.Api.Tests", "inventory.Api.Api.Tests\inventory.Api.Api.Tests.csproj", "{9DC666E2-DD13-4DE6-B224-DB75F4EAEEAC}"
EndProject
Global
	GlobalSection(SolutionConfigurationPlatforms) = preSolution
		Debug|Any CPU = Debug|Any CPU
		Release|Any CPU = Release|Any CPU
	EndGlobalSection
	GlobalSection(ProjectConfigurationPlatforms) = postSolution
		{F54DE788-4504-4708-BD60-5EF18278BE78}.Debug|Any CPU.ActiveCfg = Debug|Any CPU
		{F54DE788-4504-4708-BD60-5EF18278BE78}.Debug|Any CPU.Build.0 = Debug|Any CPU
		{F54DE788-4504-4708-BD60-5EF18278BE78}.Release|Any CPU.ActiveCfg = Release|Any CPU
		{F54DE788-4504-4708-BD60-5EF18278BE78}.Release|Any CPU.Build.0 = Release|Any CPU
		{EF4E5197-7E5A-4D34-8921-D84A0BE1A64C}.Debug|Any CPU.ActiveCfg = Debug|Any CPU
		{EF4E5197-7E5A-4D34-8921-D84A0BE1A64C}.Debug|Any CPU.Build.0 = Debug|Any CPU
		{EF4E5197-7E5A-4D34-8921-D84A0BE1A64C}.Release|Any CPU.ActiveCfg = Release|Any CPU
		{EF4E5197-7E5A-4D34-8921-D84A0BE1A64C}.Release|Any CPU.Build.0 = Release|Any CPU
		{D38A949A-52D8-4E9D-A6F9-991B11B2D568}.Debug|Any CPU.ActiveCfg = Debug|Any CPU
		{D38A949A-52D8-4E9D-A6F9-991B11B2D568}.Debug|Any CPU.Build.0 = Debug|Any CPU
		{D38A949A-52D8-4E9D-A6F9-991B11B2D568}.Release|Any CPU.ActiveCfg = Release|Any CPU
		{D38A949A-52D8-4E9D-A6F9-991B11B2D568}.Release|Any CPU.Build.0 = Release|Any CPU
		{9DC666E2-DD13-4DE6-B224-DB75F4EAEEAC}.Debug|Any CPU.ActiveCfg = Debug|Any CPU
		{9DC666E2-DD13-4DE6-B224-DB75F4EAEEAC}.Debug|Any CPU.Build.0 = Debug|Any CPU
		{9DC666E2-DD13-4DE6-B224-DB75F4EAEEAC}.Release|Any CPU.ActiveCfg = Release|Any CPU
		{9DC666E2-DD13-4DE6-B224-DB75F4EAEEAC}.Release|Any CPU.Build.0 = Release|Any CPU
	EndGlobalSection
	GlobalSection(SolutionProperties) = preSolution
		HideSolutionNode = FALSE
	EndGlobalSection
	GlobalSection(ExtensibilityGlobals) = postSolution
		SolutionGuid = {9B9EFEFC-B435-4405-9F02-9AEB8E42E8EF}
	EndGlobalSection
EndGlobal
